// !$*UTF8*$!
{
	archiveVersion = 1;
	classes = {
	};
	objectVersion = 50;
	objects = {

/* Begin PBXBuildFile section */
		E2EB9869023006389E2757EE /* Pods_DailyAvaz.framework in Frameworks */ = {isa = PBXBuildFile; fileRef = 53D456C950EF284464E57DD3 /* Pods_DailyAvaz.framework */; };
		F506710B21662C0000DF8C67 /* SingleCoverImageTableViewCell.swift in Sources */ = {isa = PBXBuildFile; fileRef = F506710A21662C0000DF8C67 /* SingleCoverImageTableViewCell.swift */; };
		F506710E21663DD300DF8C67 /* SingleViewCellType.swift in Sources */ = {isa = PBXBuildFile; fileRef = F506710D21663DD300DF8C67 /* SingleViewCellType.swift */; };
		F510EA042161E7990072A0AA /* Lato-HeavyItalic.ttf in Resources */ = {isa = PBXBuildFile; fileRef = F510E9DC2161E7980072A0AA /* Lato-HeavyItalic.ttf */; };
		F510EA052161E7990072A0AA /* Lato-Italic.ttf in Resources */ = {isa = PBXBuildFile; fileRef = F510E9DD2161E7980072A0AA /* Lato-Italic.ttf */; };
		F510EA062161E7990072A0AA /* Lato-LightItalic.ttf in Resources */ = {isa = PBXBuildFile; fileRef = F510E9DE2161E7980072A0AA /* Lato-LightItalic.ttf */; };
		F510EA072161E7990072A0AA /* Lato-Thin.ttf in Resources */ = {isa = PBXBuildFile; fileRef = F510E9DF2161E7980072A0AA /* Lato-Thin.ttf */; };
		F510EA082161E7990072A0AA /* Lato-Bold.ttf in Resources */ = {isa = PBXBuildFile; fileRef = F510E9E02161E7980072A0AA /* Lato-Bold.ttf */; };
		F510EA092161E7990072A0AA /* Lato-Black.ttf in Resources */ = {isa = PBXBuildFile; fileRef = F510E9E12161E7980072A0AA /* Lato-Black.ttf */; };
		F510EA0A2161E7990072A0AA /* Lato-SemiboldItalic.ttf in Resources */ = {isa = PBXBuildFile; fileRef = F510E9E22161E7980072A0AA /* Lato-SemiboldItalic.ttf */; };
		F510EA0B2161E7990072A0AA /* Lato-HairlineItalic.ttf in Resources */ = {isa = PBXBuildFile; fileRef = F510E9E32161E7980072A0AA /* Lato-HairlineItalic.ttf */; };
		F510EA0C2161E7990072A0AA /* Lato-Regular.ttf in Resources */ = {isa = PBXBuildFile; fileRef = F510E9E42161E7980072A0AA /* Lato-Regular.ttf */; };
		F510EA0D2161E7990072A0AA /* Lato-Hairline.ttf in Resources */ = {isa = PBXBuildFile; fileRef = F510E9E52161E7980072A0AA /* Lato-Hairline.ttf */; };
		F510EA0E2161E7990072A0AA /* Lato-BlackItalic.ttf in Resources */ = {isa = PBXBuildFile; fileRef = F510E9E62161E7980072A0AA /* Lato-BlackItalic.ttf */; };
		F510EA0F2161E7990072A0AA /* Lato-Semibold.ttf in Resources */ = {isa = PBXBuildFile; fileRef = F510E9E72161E7980072A0AA /* Lato-Semibold.ttf */; };
		F510EA102161E7990072A0AA /* Lato-MediumItalic.ttf in Resources */ = {isa = PBXBuildFile; fileRef = F510E9E82161E7980072A0AA /* Lato-MediumItalic.ttf */; };
		F510EA112161E7990072A0AA /* OFL.txt in Resources */ = {isa = PBXBuildFile; fileRef = F510E9E92161E7980072A0AA /* OFL.txt */; };
		F510EA122161E7990072A0AA /* Lato-Heavy.ttf in Resources */ = {isa = PBXBuildFile; fileRef = F510E9EA2161E7980072A0AA /* Lato-Heavy.ttf */; };
		F510EA132161E7990072A0AA /* README.txt in Resources */ = {isa = PBXBuildFile; fileRef = F510E9EB2161E7980072A0AA /* README.txt */; };
		F510EA142161E7990072A0AA /* Lato-BoldItalic.ttf in Resources */ = {isa = PBXBuildFile; fileRef = F510E9EC2161E7980072A0AA /* Lato-BoldItalic.ttf */; };
		F510EA152161E7990072A0AA /* Lato-Light.ttf in Resources */ = {isa = PBXBuildFile; fileRef = F510E9ED2161E7980072A0AA /* Lato-Light.ttf */; };
		F510EA162161E7990072A0AA /* Lato-Medium.ttf in Resources */ = {isa = PBXBuildFile; fileRef = F510E9EE2161E7980072A0AA /* Lato-Medium.ttf */; };
		F510EA172161E7990072A0AA /* Lato-ThinItalic.ttf in Resources */ = {isa = PBXBuildFile; fileRef = F510E9EF2161E7980072A0AA /* Lato-ThinItalic.ttf */; };
		F510EA182161E7990072A0AA /* Roboto-Medium.ttf in Resources */ = {isa = PBXBuildFile; fileRef = F510E9F12161E7980072A0AA /* Roboto-Medium.ttf */; };
		F510EA192161E7990072A0AA /* Roboto-Light.ttf in Resources */ = {isa = PBXBuildFile; fileRef = F510E9F22161E7980072A0AA /* Roboto-Light.ttf */; };
		F510EA1A2161E7990072A0AA /* RobotoCondensed-Bold.ttf in Resources */ = {isa = PBXBuildFile; fileRef = F510E9F32161E7980072A0AA /* RobotoCondensed-Bold.ttf */; };
		F510EA1B2161E7990072A0AA /* RobotoCondensed-Light.ttf in Resources */ = {isa = PBXBuildFile; fileRef = F510E9F42161E7990072A0AA /* RobotoCondensed-Light.ttf */; };
		F510EA1C2161E7990072A0AA /* Roboto-Regular.ttf in Resources */ = {isa = PBXBuildFile; fileRef = F510E9F52161E7990072A0AA /* Roboto-Regular.ttf */; };
		F510EA1D2161E7990072A0AA /* Roboto-MediumItalic.ttf in Resources */ = {isa = PBXBuildFile; fileRef = F510E9F62161E7990072A0AA /* Roboto-MediumItalic.ttf */; };
		F510EA1E2161E7990072A0AA /* RobotoCondensed-Italic.ttf in Resources */ = {isa = PBXBuildFile; fileRef = F510E9F72161E7990072A0AA /* RobotoCondensed-Italic.ttf */; };
		F510EA1F2161E7990072A0AA /* RobotoCondensed-BoldItalic.ttf in Resources */ = {isa = PBXBuildFile; fileRef = F510E9F82161E7990072A0AA /* RobotoCondensed-BoldItalic.ttf */; };
		F510EA212161E7990072A0AA /* RobotoCondensed-LightItalic.ttf in Resources */ = {isa = PBXBuildFile; fileRef = F510E9FA2161E7990072A0AA /* RobotoCondensed-LightItalic.ttf */; };
		F510EA222161E7990072A0AA /* Roboto-ThinItalic.ttf in Resources */ = {isa = PBXBuildFile; fileRef = F510E9FB2161E7990072A0AA /* Roboto-ThinItalic.ttf */; };
		F510EA232161E7990072A0AA /* RobotoCondensed-Regular.ttf in Resources */ = {isa = PBXBuildFile; fileRef = F510E9FC2161E7990072A0AA /* RobotoCondensed-Regular.ttf */; };
		F510EA242161E7990072A0AA /* Roboto-BoldItalic.ttf in Resources */ = {isa = PBXBuildFile; fileRef = F510E9FD2161E7990072A0AA /* Roboto-BoldItalic.ttf */; };
		F510EA252161E7990072A0AA /* Roboto-LightItalic.ttf in Resources */ = {isa = PBXBuildFile; fileRef = F510E9FE2161E7990072A0AA /* Roboto-LightItalic.ttf */; };
		F510EA262161E7990072A0AA /* Roboto-Italic.ttf in Resources */ = {isa = PBXBuildFile; fileRef = F510E9FF2161E7990072A0AA /* Roboto-Italic.ttf */; };
		F510EA272161E7990072A0AA /* Roboto-BlackItalic.ttf in Resources */ = {isa = PBXBuildFile; fileRef = F510EA002161E7990072A0AA /* Roboto-BlackItalic.ttf */; };
		F510EA282161E7990072A0AA /* Roboto-Bold.ttf in Resources */ = {isa = PBXBuildFile; fileRef = F510EA012161E7990072A0AA /* Roboto-Bold.ttf */; };
		F510EA292161E7990072A0AA /* Roboto-Thin.ttf in Resources */ = {isa = PBXBuildFile; fileRef = F510EA022161E7990072A0AA /* Roboto-Thin.ttf */; };
		F510EA2A2161E7990072A0AA /* Roboto-Black.ttf in Resources */ = {isa = PBXBuildFile; fileRef = F510EA032161E7990072A0AA /* Roboto-Black.ttf */; };
		F510EA312161E8E10072A0AA /* RobotoSlab-Thin.ttf in Resources */ = {isa = PBXBuildFile; fileRef = F510EA2C2161E8E10072A0AA /* RobotoSlab-Thin.ttf */; };
		F510EA332161E8E10072A0AA /* RobotoSlab-Bold.ttf in Resources */ = {isa = PBXBuildFile; fileRef = F510EA2E2161E8E10072A0AA /* RobotoSlab-Bold.ttf */; };
		F510EA342161E8E10072A0AA /* RobotoSlab-Light.ttf in Resources */ = {isa = PBXBuildFile; fileRef = F510EA2F2161E8E10072A0AA /* RobotoSlab-Light.ttf */; };
		F510EA352161E8E10072A0AA /* RobotoSlab-Regular.ttf in Resources */ = {isa = PBXBuildFile; fileRef = F510EA302161E8E10072A0AA /* RobotoSlab-Regular.ttf */; };
		F52C70E02161EDE2006805AE /* UIFont-DailyAvaz.swift in Sources */ = {isa = PBXBuildFile; fileRef = F52C70DF2161EDE2006805AE /* UIFont-DailyAvaz.swift */; };
		F52C70E22161EFE0006805AE /* RobotoSlab.swift in Sources */ = {isa = PBXBuildFile; fileRef = F52C70E12161EFE0006805AE /* RobotoSlab.swift */; };
		F52C70E42161F3CC006805AE /* Roboto.swift in Sources */ = {isa = PBXBuildFile; fileRef = F52C70E32161F3CC006805AE /* Roboto.swift */; };
		F52C70E72161F63A006805AE /* CustomFont.swift in Sources */ = {isa = PBXBuildFile; fileRef = F52C70E62161F63A006805AE /* CustomFont.swift */; };
		F52C70E92161F92D006805AE /* Lato.swift in Sources */ = {isa = PBXBuildFile; fileRef = F52C70E82161F92D006805AE /* Lato.swift */; };
		F535748521633CC70045D969 /* LoaderTableViewCell.swift in Sources */ = {isa = PBXBuildFile; fileRef = F535748421633CC70045D969 /* LoaderTableViewCell.swift */; };
		F5357488216355900045D969 /* TabBarDelegate.swift in Sources */ = {isa = PBXBuildFile; fileRef = F5357487216355900045D969 /* TabBarDelegate.swift */; };
		F545A4A1215A45FA0050C4F0 /* AppDelegate.swift in Sources */ = {isa = PBXBuildFile; fileRef = F545A4A0215A45FA0050C4F0 /* AppDelegate.swift */; };
		F545A4A8215A45FD0050C4F0 /* Assets.xcassets in Resources */ = {isa = PBXBuildFile; fileRef = F545A4A7215A45FD0050C4F0 /* Assets.xcassets */; };
		F5C3EAB9216362AE00DB6B3F /* DateConverter.swift in Sources */ = {isa = PBXBuildFile; fileRef = F5C3EAB8216362AE00DB6B3F /* DateConverter.swift */; };
		F5C3EABB2163826300DB6B3F /* TabBarTableViewCell.swift in Sources */ = {isa = PBXBuildFile; fileRef = F5C3EABA2163826300DB6B3F /* TabBarTableViewCell.swift */; };
		F5E456692164D7FB00408432 /* HomeViewCellType.swift in Sources */ = {isa = PBXBuildFile; fileRef = F5E456682164D7FB00408432 /* HomeViewCellType.swift */; };
		F5E4566B2164D81B00408432 /* HomeViewDataState.swift in Sources */ = {isa = PBXBuildFile; fileRef = F5E4566A2164D81B00408432 /* HomeViewDataState.swift */; };
		F5E4566D2164EB1B00408432 /* Article.swift in Sources */ = {isa = PBXBuildFile; fileRef = F5E4566C2164EB1B00408432 /* Article.swift */; };
		F5E4566F2165ED3300408432 /* HomeCoordinatorDelegate.swift in Sources */ = {isa = PBXBuildFile; fileRef = F5E4566E2165ED3300408432 /* HomeCoordinatorDelegate.swift */; };
		F5E456722166023E00408432 /* SingleCoordinator.swift in Sources */ = {isa = PBXBuildFile; fileRef = F5E456712166023E00408432 /* SingleCoordinator.swift */; };
		F5E456762166034600408432 /* SingleViewController.swift in Sources */ = {isa = PBXBuildFile; fileRef = F5E456752166034600408432 /* SingleViewController.swift */; };
		F5E456782166035900408432 /* SingleView.swift in Sources */ = {isa = PBXBuildFile; fileRef = F5E456772166035900408432 /* SingleView.swift */; };
		F5E4567B2166039800408432 /* SingleViewModel.swift in Sources */ = {isa = PBXBuildFile; fileRef = F5E4567A2166039800408432 /* SingleViewModel.swift */; };
		F5E4567D216603B700408432 /* SingleViewModelImpl.swift in Sources */ = {isa = PBXBuildFile; fileRef = F5E4567C216603B700408432 /* SingleViewModelImpl.swift */; };
		F5E4567F216611B900408432 /* SingleCoordinatorDelegate.swift in Sources */ = {isa = PBXBuildFile; fileRef = F5E4567E216611B900408432 /* SingleCoordinatorDelegate.swift */; };
		F5F3BD4B215A53F20073AC73 /* APIManager.swift in Sources */ = {isa = PBXBuildFile; fileRef = F5F3BD4A215A53F20073AC73 /* APIManager.swift */; };
		F5F3BD4E215A54F90073AC73 /* ApiNews.swift in Sources */ = {isa = PBXBuildFile; fileRef = F5F3BD4D215A54F90073AC73 /* ApiNews.swift */; };
		F5FCEE6F215B7F5D00079A09 /* Categories.swift in Sources */ = {isa = PBXBuildFile; fileRef = F5FCEE6E215B7F5D00079A09 /* Categories.swift */; };
		F5FCEE73215B854F00079A09 /* Coordinator.swift in Sources */ = {isa = PBXBuildFile; fileRef = F5FCEE71215B854E00079A09 /* Coordinator.swift */; };
		F5FCEE74215B854F00079A09 /* CoordinatorDelegate.swift in Sources */ = {isa = PBXBuildFile; fileRef = F5FCEE72215B854E00079A09 /* CoordinatorDelegate.swift */; };
		F5FCEE76215B856E00079A09 /* AppCoordinator.swift in Sources */ = {isa = PBXBuildFile; fileRef = F5FCEE75215B856E00079A09 /* AppCoordinator.swift */; };
		F5FCEE7B215B85EE00079A09 /* HomeCoordinator.swift in Sources */ = {isa = PBXBuildFile; fileRef = F5FCEE7A215B85EE00079A09 /* HomeCoordinator.swift */; };
		F5FCEE7D215B86D000079A09 /* HomeViewController.swift in Sources */ = {isa = PBXBuildFile; fileRef = F5FCEE7C215B86D000079A09 /* HomeViewController.swift */; };
		F5FCEE7F215B874200079A09 /* HomeViewModelImpl.swift in Sources */ = {isa = PBXBuildFile; fileRef = F5FCEE7E215B874200079A09 /* HomeViewModelImpl.swift */; };
		F5FCEE81215B878500079A09 /* HomeViewModel.swift in Sources */ = {isa = PBXBuildFile; fileRef = F5FCEE80215B878500079A09 /* HomeViewModel.swift */; };
		F5FCEE83215BAA1B00079A09 /* HomeView.swift in Sources */ = {isa = PBXBuildFile; fileRef = F5FCEE82215BAA1B00079A09 /* HomeView.swift */; };
		F5FCEE86215BAA4C00079A09 /* UIView-DailyAvaz.swift in Sources */ = {isa = PBXBuildFile; fileRef = F5FCEE85215BAA4C00079A09 /* UIView-DailyAvaz.swift */; };
		F5FCEE8A215CA14B00079A09 /* UIColor-DailyAvaz.swift in Sources */ = {isa = PBXBuildFile; fileRef = F5FCEE89215CA14B00079A09 /* UIColor-DailyAvaz.swift */; };
		F5FCEE8C215CA83300079A09 /* BarButton.swift in Sources */ = {isa = PBXBuildFile; fileRef = F5FCEE8B215CA83300079A09 /* BarButton.swift */; };
		F5FCEE8E215CD59400079A09 /* NewsTableViewCell.swift in Sources */ = {isa = PBXBuildFile; fileRef = F5FCEE8D215CD59400079A09 /* NewsTableViewCell.swift */; };
		F5FF87CC21675FB500BB4179 /* SingleTitlesTableViewCell.swift in Sources */ = {isa = PBXBuildFile; fileRef = F5FF87CB21675FB500BB4179 /* SingleTitlesTableViewCell.swift */; };
		F5FF87CE2167633200BB4179 /* SeparatorView.swift in Sources */ = {isa = PBXBuildFile; fileRef = F5FF87CD2167633200BB4179 /* SeparatorView.swift */; };
		F5FF87D021676B0000BB4179 /* SingleDetailsTableViewCell.swift in Sources */ = {isa = PBXBuildFile; fileRef = F5FF87CF21676B0000BB4179 /* SingleDetailsTableViewCell.swift */; };
		F5FF87D221678B0800BB4179 /* SingleTextTableViewCell.swift in Sources */ = {isa = PBXBuildFile; fileRef = F5FF87D121678B0800BB4179 /* SingleTextTableViewCell.swift */; };
		F5FF87D4216790D500BB4179 /* String-DailyAvaz.swift in Sources */ = {isa = PBXBuildFile; fileRef = F5FF87D3216790D500BB4179 /* String-DailyAvaz.swift */; };
/* End PBXBuildFile section */

/* Begin PBXFileReference section */
		4817E31DEE0102DBFDA7481A /* Pods-DailyAvaz.release.xcconfig */ = {isa = PBXFileReference; includeInIndex = 1; lastKnownFileType = text.xcconfig; name = "Pods-DailyAvaz.release.xcconfig"; path = "Pods/Target Support Files/Pods-DailyAvaz/Pods-DailyAvaz.release.xcconfig"; sourceTree = "<group>"; };
		53D456C950EF284464E57DD3 /* Pods_DailyAvaz.framework */ = {isa = PBXFileReference; explicitFileType = wrapper.framework; includeInIndex = 0; path = Pods_DailyAvaz.framework; sourceTree = BUILT_PRODUCTS_DIR; };
		C5E570894E78CD706DDAA398 /* Pods-DailyAvaz.debug.xcconfig */ = {isa = PBXFileReference; includeInIndex = 1; lastKnownFileType = text.xcconfig; name = "Pods-DailyAvaz.debug.xcconfig"; path = "Pods/Target Support Files/Pods-DailyAvaz/Pods-DailyAvaz.debug.xcconfig"; sourceTree = "<group>"; };
		F506710A21662C0000DF8C67 /* SingleCoverImageTableViewCell.swift */ = {isa = PBXFileReference; lastKnownFileType = sourcecode.swift; path = SingleCoverImageTableViewCell.swift; sourceTree = "<group>"; };
		F506710D21663DD300DF8C67 /* SingleViewCellType.swift */ = {isa = PBXFileReference; lastKnownFileType = sourcecode.swift; path = SingleViewCellType.swift; sourceTree = "<group>"; };
		F510E9DC2161E7980072A0AA /* Lato-HeavyItalic.ttf */ = {isa = PBXFileReference; lastKnownFileType = file; path = "Lato-HeavyItalic.ttf"; sourceTree = "<group>"; };
		F510E9DD2161E7980072A0AA /* Lato-Italic.ttf */ = {isa = PBXFileReference; lastKnownFileType = file; path = "Lato-Italic.ttf"; sourceTree = "<group>"; };
		F510E9DE2161E7980072A0AA /* Lato-LightItalic.ttf */ = {isa = PBXFileReference; lastKnownFileType = file; path = "Lato-LightItalic.ttf"; sourceTree = "<group>"; };
		F510E9DF2161E7980072A0AA /* Lato-Thin.ttf */ = {isa = PBXFileReference; lastKnownFileType = file; path = "Lato-Thin.ttf"; sourceTree = "<group>"; };
		F510E9E02161E7980072A0AA /* Lato-Bold.ttf */ = {isa = PBXFileReference; lastKnownFileType = file; path = "Lato-Bold.ttf"; sourceTree = "<group>"; };
		F510E9E12161E7980072A0AA /* Lato-Black.ttf */ = {isa = PBXFileReference; lastKnownFileType = file; path = "Lato-Black.ttf"; sourceTree = "<group>"; };
		F510E9E22161E7980072A0AA /* Lato-SemiboldItalic.ttf */ = {isa = PBXFileReference; lastKnownFileType = file; path = "Lato-SemiboldItalic.ttf"; sourceTree = "<group>"; };
		F510E9E32161E7980072A0AA /* Lato-HairlineItalic.ttf */ = {isa = PBXFileReference; lastKnownFileType = file; path = "Lato-HairlineItalic.ttf"; sourceTree = "<group>"; };
		F510E9E42161E7980072A0AA /* Lato-Regular.ttf */ = {isa = PBXFileReference; lastKnownFileType = file; path = "Lato-Regular.ttf"; sourceTree = "<group>"; };
		F510E9E52161E7980072A0AA /* Lato-Hairline.ttf */ = {isa = PBXFileReference; lastKnownFileType = file; path = "Lato-Hairline.ttf"; sourceTree = "<group>"; };
		F510E9E62161E7980072A0AA /* Lato-BlackItalic.ttf */ = {isa = PBXFileReference; lastKnownFileType = file; path = "Lato-BlackItalic.ttf"; sourceTree = "<group>"; };
		F510E9E72161E7980072A0AA /* Lato-Semibold.ttf */ = {isa = PBXFileReference; lastKnownFileType = file; path = "Lato-Semibold.ttf"; sourceTree = "<group>"; };
		F510E9E82161E7980072A0AA /* Lato-MediumItalic.ttf */ = {isa = PBXFileReference; lastKnownFileType = file; path = "Lato-MediumItalic.ttf"; sourceTree = "<group>"; };
		F510E9E92161E7980072A0AA /* OFL.txt */ = {isa = PBXFileReference; fileEncoding = 4; lastKnownFileType = text; path = OFL.txt; sourceTree = "<group>"; };
		F510E9EA2161E7980072A0AA /* Lato-Heavy.ttf */ = {isa = PBXFileReference; lastKnownFileType = file; path = "Lato-Heavy.ttf"; sourceTree = "<group>"; };
		F510E9EB2161E7980072A0AA /* README.txt */ = {isa = PBXFileReference; fileEncoding = 4; lastKnownFileType = text; path = README.txt; sourceTree = "<group>"; };
		F510E9EC2161E7980072A0AA /* Lato-BoldItalic.ttf */ = {isa = PBXFileReference; lastKnownFileType = file; path = "Lato-BoldItalic.ttf"; sourceTree = "<group>"; };
		F510E9ED2161E7980072A0AA /* Lato-Light.ttf */ = {isa = PBXFileReference; lastKnownFileType = file; path = "Lato-Light.ttf"; sourceTree = "<group>"; };
		F510E9EE2161E7980072A0AA /* Lato-Medium.ttf */ = {isa = PBXFileReference; lastKnownFileType = file; path = "Lato-Medium.ttf"; sourceTree = "<group>"; };
		F510E9EF2161E7980072A0AA /* Lato-ThinItalic.ttf */ = {isa = PBXFileReference; lastKnownFileType = file; path = "Lato-ThinItalic.ttf"; sourceTree = "<group>"; };
		F510E9F12161E7980072A0AA /* Roboto-Medium.ttf */ = {isa = PBXFileReference; lastKnownFileType = file; path = "Roboto-Medium.ttf"; sourceTree = "<group>"; };
		F510E9F22161E7980072A0AA /* Roboto-Light.ttf */ = {isa = PBXFileReference; lastKnownFileType = file; path = "Roboto-Light.ttf"; sourceTree = "<group>"; };
		F510E9F32161E7980072A0AA /* RobotoCondensed-Bold.ttf */ = {isa = PBXFileReference; lastKnownFileType = file; path = "RobotoCondensed-Bold.ttf"; sourceTree = "<group>"; };
		F510E9F42161E7990072A0AA /* RobotoCondensed-Light.ttf */ = {isa = PBXFileReference; lastKnownFileType = file; path = "RobotoCondensed-Light.ttf"; sourceTree = "<group>"; };
		F510E9F52161E7990072A0AA /* Roboto-Regular.ttf */ = {isa = PBXFileReference; lastKnownFileType = file; path = "Roboto-Regular.ttf"; sourceTree = "<group>"; };
		F510E9F62161E7990072A0AA /* Roboto-MediumItalic.ttf */ = {isa = PBXFileReference; lastKnownFileType = file; path = "Roboto-MediumItalic.ttf"; sourceTree = "<group>"; };
		F510E9F72161E7990072A0AA /* RobotoCondensed-Italic.ttf */ = {isa = PBXFileReference; lastKnownFileType = file; path = "RobotoCondensed-Italic.ttf"; sourceTree = "<group>"; };
		F510E9F82161E7990072A0AA /* RobotoCondensed-BoldItalic.ttf */ = {isa = PBXFileReference; lastKnownFileType = file; path = "RobotoCondensed-BoldItalic.ttf"; sourceTree = "<group>"; };
		F510E9F92161E7990072A0AA /* Apache License.txt */ = {isa = PBXFileReference; fileEncoding = 4; lastKnownFileType = text; path = "Apache License.txt"; sourceTree = "<group>"; };
		F510E9FA2161E7990072A0AA /* RobotoCondensed-LightItalic.ttf */ = {isa = PBXFileReference; lastKnownFileType = file; path = "RobotoCondensed-LightItalic.ttf"; sourceTree = "<group>"; };
		F510E9FB2161E7990072A0AA /* Roboto-ThinItalic.ttf */ = {isa = PBXFileReference; lastKnownFileType = file; path = "Roboto-ThinItalic.ttf"; sourceTree = "<group>"; };
		F510E9FC2161E7990072A0AA /* RobotoCondensed-Regular.ttf */ = {isa = PBXFileReference; lastKnownFileType = file; path = "RobotoCondensed-Regular.ttf"; sourceTree = "<group>"; };
		F510E9FD2161E7990072A0AA /* Roboto-BoldItalic.ttf */ = {isa = PBXFileReference; lastKnownFileType = file; path = "Roboto-BoldItalic.ttf"; sourceTree = "<group>"; };
		F510E9FE2161E7990072A0AA /* Roboto-LightItalic.ttf */ = {isa = PBXFileReference; lastKnownFileType = file; path = "Roboto-LightItalic.ttf"; sourceTree = "<group>"; };
		F510E9FF2161E7990072A0AA /* Roboto-Italic.ttf */ = {isa = PBXFileReference; lastKnownFileType = file; path = "Roboto-Italic.ttf"; sourceTree = "<group>"; };
		F510EA002161E7990072A0AA /* Roboto-BlackItalic.ttf */ = {isa = PBXFileReference; lastKnownFileType = file; path = "Roboto-BlackItalic.ttf"; sourceTree = "<group>"; };
		F510EA012161E7990072A0AA /* Roboto-Bold.ttf */ = {isa = PBXFileReference; lastKnownFileType = file; path = "Roboto-Bold.ttf"; sourceTree = "<group>"; };
		F510EA022161E7990072A0AA /* Roboto-Thin.ttf */ = {isa = PBXFileReference; lastKnownFileType = file; path = "Roboto-Thin.ttf"; sourceTree = "<group>"; };
		F510EA032161E7990072A0AA /* Roboto-Black.ttf */ = {isa = PBXFileReference; lastKnownFileType = file; path = "Roboto-Black.ttf"; sourceTree = "<group>"; };
		F510EA2C2161E8E10072A0AA /* RobotoSlab-Thin.ttf */ = {isa = PBXFileReference; lastKnownFileType = file; path = "RobotoSlab-Thin.ttf"; sourceTree = "<group>"; };
		F510EA2D2161E8E10072A0AA /* Apache License.txt */ = {isa = PBXFileReference; fileEncoding = 4; lastKnownFileType = text; path = "Apache License.txt"; sourceTree = "<group>"; };
		F510EA2E2161E8E10072A0AA /* RobotoSlab-Bold.ttf */ = {isa = PBXFileReference; lastKnownFileType = file; path = "RobotoSlab-Bold.ttf"; sourceTree = "<group>"; };
		F510EA2F2161E8E10072A0AA /* RobotoSlab-Light.ttf */ = {isa = PBXFileReference; lastKnownFileType = file; path = "RobotoSlab-Light.ttf"; sourceTree = "<group>"; };
		F510EA302161E8E10072A0AA /* RobotoSlab-Regular.ttf */ = {isa = PBXFileReference; lastKnownFileType = file; path = "RobotoSlab-Regular.ttf"; sourceTree = "<group>"; };
		F52C70DF2161EDE2006805AE /* UIFont-DailyAvaz.swift */ = {isa = PBXFileReference; lastKnownFileType = sourcecode.swift; path = "UIFont-DailyAvaz.swift"; sourceTree = "<group>"; };
		F52C70E12161EFE0006805AE /* RobotoSlab.swift */ = {isa = PBXFileReference; lastKnownFileType = sourcecode.swift; path = RobotoSlab.swift; sourceTree = "<group>"; };
		F52C70E32161F3CC006805AE /* Roboto.swift */ = {isa = PBXFileReference; lastKnownFileType = sourcecode.swift; path = Roboto.swift; sourceTree = "<group>"; };
		F52C70E62161F63A006805AE /* CustomFont.swift */ = {isa = PBXFileReference; lastKnownFileType = sourcecode.swift; path = CustomFont.swift; sourceTree = "<group>"; };
		F52C70E82161F92D006805AE /* Lato.swift */ = {isa = PBXFileReference; lastKnownFileType = sourcecode.swift; path = Lato.swift; sourceTree = "<group>"; };
		F535748421633CC70045D969 /* LoaderTableViewCell.swift */ = {isa = PBXFileReference; lastKnownFileType = sourcecode.swift; path = LoaderTableViewCell.swift; sourceTree = "<group>"; };
		F5357487216355900045D969 /* TabBarDelegate.swift */ = {isa = PBXFileReference; lastKnownFileType = sourcecode.swift; path = TabBarDelegate.swift; sourceTree = "<group>"; };
		F545A49D215A45FA0050C4F0 /* DailyAvaz.app */ = {isa = PBXFileReference; explicitFileType = wrapper.application; includeInIndex = 0; path = DailyAvaz.app; sourceTree = BUILT_PRODUCTS_DIR; };
		F545A4A0215A45FA0050C4F0 /* AppDelegate.swift */ = {isa = PBXFileReference; lastKnownFileType = sourcecode.swift; path = AppDelegate.swift; sourceTree = "<group>"; };
		F545A4A7215A45FD0050C4F0 /* Assets.xcassets */ = {isa = PBXFileReference; lastKnownFileType = folder.assetcatalog; path = Assets.xcassets; sourceTree = "<group>"; };
		F545A4AC215A45FD0050C4F0 /* Info.plist */ = {isa = PBXFileReference; lastKnownFileType = text.plist.xml; path = Info.plist; sourceTree = "<group>"; };
		F5C3EAB8216362AE00DB6B3F /* DateConverter.swift */ = {isa = PBXFileReference; lastKnownFileType = sourcecode.swift; path = DateConverter.swift; sourceTree = "<group>"; };
		F5C3EABA2163826300DB6B3F /* TabBarTableViewCell.swift */ = {isa = PBXFileReference; lastKnownFileType = sourcecode.swift; path = TabBarTableViewCell.swift; sourceTree = "<group>"; };
		F5E456682164D7FB00408432 /* HomeViewCellType.swift */ = {isa = PBXFileReference; lastKnownFileType = sourcecode.swift; path = HomeViewCellType.swift; sourceTree = "<group>"; };
		F5E4566A2164D81B00408432 /* HomeViewDataState.swift */ = {isa = PBXFileReference; lastKnownFileType = sourcecode.swift; path = HomeViewDataState.swift; sourceTree = "<group>"; };
		F5E4566C2164EB1B00408432 /* Article.swift */ = {isa = PBXFileReference; lastKnownFileType = sourcecode.swift; path = Article.swift; sourceTree = "<group>"; };
		F5E4566E2165ED3300408432 /* HomeCoordinatorDelegate.swift */ = {isa = PBXFileReference; lastKnownFileType = sourcecode.swift; path = HomeCoordinatorDelegate.swift; sourceTree = "<group>"; };
		F5E456712166023E00408432 /* SingleCoordinator.swift */ = {isa = PBXFileReference; lastKnownFileType = sourcecode.swift; path = SingleCoordinator.swift; sourceTree = "<group>"; };
		F5E456752166034600408432 /* SingleViewController.swift */ = {isa = PBXFileReference; lastKnownFileType = sourcecode.swift; path = SingleViewController.swift; sourceTree = "<group>"; };
		F5E456772166035900408432 /* SingleView.swift */ = {isa = PBXFileReference; lastKnownFileType = sourcecode.swift; path = SingleView.swift; sourceTree = "<group>"; };
		F5E4567A2166039800408432 /* SingleViewModel.swift */ = {isa = PBXFileReference; lastKnownFileType = sourcecode.swift; path = SingleViewModel.swift; sourceTree = "<group>"; };
		F5E4567C216603B700408432 /* SingleViewModelImpl.swift */ = {isa = PBXFileReference; lastKnownFileType = sourcecode.swift; path = SingleViewModelImpl.swift; sourceTree = "<group>"; };
		F5E4567E216611B900408432 /* SingleCoordinatorDelegate.swift */ = {isa = PBXFileReference; lastKnownFileType = sourcecode.swift; path = SingleCoordinatorDelegate.swift; sourceTree = "<group>"; };
		F5F3BD4A215A53F20073AC73 /* APIManager.swift */ = {isa = PBXFileReference; lastKnownFileType = sourcecode.swift; path = APIManager.swift; sourceTree = "<group>"; };
		F5F3BD4D215A54F90073AC73 /* ApiNews.swift */ = {isa = PBXFileReference; lastKnownFileType = sourcecode.swift; path = ApiNews.swift; sourceTree = "<group>"; };
		F5FCEE6E215B7F5D00079A09 /* Categories.swift */ = {isa = PBXFileReference; lastKnownFileType = sourcecode.swift; path = Categories.swift; sourceTree = "<group>"; };
		F5FCEE71215B854E00079A09 /* Coordinator.swift */ = {isa = PBXFileReference; fileEncoding = 4; lastKnownFileType = sourcecode.swift; path = Coordinator.swift; sourceTree = "<group>"; };
		F5FCEE72215B854E00079A09 /* CoordinatorDelegate.swift */ = {isa = PBXFileReference; fileEncoding = 4; lastKnownFileType = sourcecode.swift; path = CoordinatorDelegate.swift; sourceTree = "<group>"; };
		F5FCEE75215B856E00079A09 /* AppCoordinator.swift */ = {isa = PBXFileReference; fileEncoding = 4; lastKnownFileType = sourcecode.swift; path = AppCoordinator.swift; sourceTree = "<group>"; };
		F5FCEE7A215B85EE00079A09 /* HomeCoordinator.swift */ = {isa = PBXFileReference; lastKnownFileType = sourcecode.swift; path = HomeCoordinator.swift; sourceTree = "<group>"; };
		F5FCEE7C215B86D000079A09 /* HomeViewController.swift */ = {isa = PBXFileReference; lastKnownFileType = sourcecode.swift; path = HomeViewController.swift; sourceTree = "<group>"; };
		F5FCEE7E215B874200079A09 /* HomeViewModelImpl.swift */ = {isa = PBXFileReference; lastKnownFileType = sourcecode.swift; path = HomeViewModelImpl.swift; sourceTree = "<group>"; };
		F5FCEE80215B878500079A09 /* HomeViewModel.swift */ = {isa = PBXFileReference; lastKnownFileType = sourcecode.swift; path = HomeViewModel.swift; sourceTree = "<group>"; };
		F5FCEE82215BAA1B00079A09 /* HomeView.swift */ = {isa = PBXFileReference; lastKnownFileType = sourcecode.swift; path = HomeView.swift; sourceTree = "<group>"; };
		F5FCEE85215BAA4C00079A09 /* UIView-DailyAvaz.swift */ = {isa = PBXFileReference; lastKnownFileType = sourcecode.swift; path = "UIView-DailyAvaz.swift"; sourceTree = "<group>"; };
		F5FCEE89215CA14B00079A09 /* UIColor-DailyAvaz.swift */ = {isa = PBXFileReference; lastKnownFileType = sourcecode.swift; path = "UIColor-DailyAvaz.swift"; sourceTree = "<group>"; };
		F5FCEE8B215CA83300079A09 /* BarButton.swift */ = {isa = PBXFileReference; lastKnownFileType = sourcecode.swift; path = BarButton.swift; sourceTree = "<group>"; };
		F5FCEE8D215CD59400079A09 /* NewsTableViewCell.swift */ = {isa = PBXFileReference; lastKnownFileType = sourcecode.swift; path = NewsTableViewCell.swift; sourceTree = "<group>"; };
		F5FF87CB21675FB500BB4179 /* SingleTitlesTableViewCell.swift */ = {isa = PBXFileReference; lastKnownFileType = sourcecode.swift; path = SingleTitlesTableViewCell.swift; sourceTree = "<group>"; };
		F5FF87CD2167633200BB4179 /* SeparatorView.swift */ = {isa = PBXFileReference; lastKnownFileType = sourcecode.swift; path = SeparatorView.swift; sourceTree = "<group>"; };
		F5FF87CF21676B0000BB4179 /* SingleDetailsTableViewCell.swift */ = {isa = PBXFileReference; lastKnownFileType = sourcecode.swift; path = SingleDetailsTableViewCell.swift; sourceTree = "<group>"; };
		F5FF87D121678B0800BB4179 /* SingleTextTableViewCell.swift */ = {isa = PBXFileReference; lastKnownFileType = sourcecode.swift; path = SingleTextTableViewCell.swift; sourceTree = "<group>"; };
		F5FF87D3216790D500BB4179 /* String-DailyAvaz.swift */ = {isa = PBXFileReference; lastKnownFileType = sourcecode.swift; path = "String-DailyAvaz.swift"; sourceTree = "<group>"; };
/* End PBXFileReference section */

/* Begin PBXFrameworksBuildPhase section */
		F545A49A215A45FA0050C4F0 /* Frameworks */ = {
			isa = PBXFrameworksBuildPhase;
			buildActionMask = 2147483647;
			files = (
				E2EB9869023006389E2757EE /* Pods_DailyAvaz.framework in Frameworks */,
			);
			runOnlyForDeploymentPostprocessing = 0;
		};
/* End PBXFrameworksBuildPhase section */

/* Begin PBXGroup section */
		92F38C77003D21CED59BCC18 /* Frameworks */ = {
			isa = PBXGroup;
			children = (
				53D456C950EF284464E57DD3 /* Pods_DailyAvaz.framework */,
			);
			name = Frameworks;
			sourceTree = "<group>";
		};
		D1B9EC42396D53DA09B53495 /* Pods */ = {
			isa = PBXGroup;
			children = (
				C5E570894E78CD706DDAA398 /* Pods-DailyAvaz.debug.xcconfig */,
				4817E31DEE0102DBFDA7481A /* Pods-DailyAvaz.release.xcconfig */,
			);
			name = Pods;
			sourceTree = "<group>";
		};
		F506710C21663DB200DF8C67 /* Utilities */ = {
			isa = PBXGroup;
			children = (
				F506710D21663DD300DF8C67 /* SingleViewCellType.swift */,
			);
			path = Utilities;
			sourceTree = "<group>";
		};
		F510E9DA2161E77D0072A0AA /* Fonts */ = {
			isa = PBXGroup;
			children = (
				F510EA2B2161E8E10072A0AA /* roboto-slab */,
				F510E9DB2161E7980072A0AA /* Lato2OFL */,
				F510E9F02161E7980072A0AA /* roboto */,
			);
			path = Fonts;
			sourceTree = "<group>";
		};
		F510E9DB2161E7980072A0AA /* Lato2OFL */ = {
			isa = PBXGroup;
			children = (
				F510E9DC2161E7980072A0AA /* Lato-HeavyItalic.ttf */,
				F510E9DD2161E7980072A0AA /* Lato-Italic.ttf */,
				F510E9DE2161E7980072A0AA /* Lato-LightItalic.ttf */,
				F510E9DF2161E7980072A0AA /* Lato-Thin.ttf */,
				F510E9E02161E7980072A0AA /* Lato-Bold.ttf */,
				F510E9E12161E7980072A0AA /* Lato-Black.ttf */,
				F510E9E22161E7980072A0AA /* Lato-SemiboldItalic.ttf */,
				F510E9E32161E7980072A0AA /* Lato-HairlineItalic.ttf */,
				F510E9E42161E7980072A0AA /* Lato-Regular.ttf */,
				F510E9E52161E7980072A0AA /* Lato-Hairline.ttf */,
				F510E9E62161E7980072A0AA /* Lato-BlackItalic.ttf */,
				F510E9E72161E7980072A0AA /* Lato-Semibold.ttf */,
				F510E9E82161E7980072A0AA /* Lato-MediumItalic.ttf */,
				F510E9E92161E7980072A0AA /* OFL.txt */,
				F510E9EA2161E7980072A0AA /* Lato-Heavy.ttf */,
				F510E9EB2161E7980072A0AA /* README.txt */,
				F510E9EC2161E7980072A0AA /* Lato-BoldItalic.ttf */,
				F510E9ED2161E7980072A0AA /* Lato-Light.ttf */,
				F510E9EE2161E7980072A0AA /* Lato-Medium.ttf */,
				F510E9EF2161E7980072A0AA /* Lato-ThinItalic.ttf */,
			);
			path = Lato2OFL;
			sourceTree = "<group>";
		};
		F510E9F02161E7980072A0AA /* roboto */ = {
			isa = PBXGroup;
			children = (
				F510E9F12161E7980072A0AA /* Roboto-Medium.ttf */,
				F510E9F22161E7980072A0AA /* Roboto-Light.ttf */,
				F510E9F32161E7980072A0AA /* RobotoCondensed-Bold.ttf */,
				F510E9F42161E7990072A0AA /* RobotoCondensed-Light.ttf */,
				F510E9F52161E7990072A0AA /* Roboto-Regular.ttf */,
				F510E9F62161E7990072A0AA /* Roboto-MediumItalic.ttf */,
				F510E9F72161E7990072A0AA /* RobotoCondensed-Italic.ttf */,
				F510E9F82161E7990072A0AA /* RobotoCondensed-BoldItalic.ttf */,
				F510E9F92161E7990072A0AA /* Apache License.txt */,
				F510E9FA2161E7990072A0AA /* RobotoCondensed-LightItalic.ttf */,
				F510E9FB2161E7990072A0AA /* Roboto-ThinItalic.ttf */,
				F510E9FC2161E7990072A0AA /* RobotoCondensed-Regular.ttf */,
				F510E9FD2161E7990072A0AA /* Roboto-BoldItalic.ttf */,
				F510E9FE2161E7990072A0AA /* Roboto-LightItalic.ttf */,
				F510E9FF2161E7990072A0AA /* Roboto-Italic.ttf */,
				F510EA002161E7990072A0AA /* Roboto-BlackItalic.ttf */,
				F510EA012161E7990072A0AA /* Roboto-Bold.ttf */,
				F510EA022161E7990072A0AA /* Roboto-Thin.ttf */,
				F510EA032161E7990072A0AA /* Roboto-Black.ttf */,
			);
			path = roboto;
			sourceTree = "<group>";
		};
		F510EA2B2161E8E10072A0AA /* roboto-slab */ = {
			isa = PBXGroup;
			children = (
				F510EA2C2161E8E10072A0AA /* RobotoSlab-Thin.ttf */,
				F510EA2D2161E8E10072A0AA /* Apache License.txt */,
				F510EA2E2161E8E10072A0AA /* RobotoSlab-Bold.ttf */,
				F510EA2F2161E8E10072A0AA /* RobotoSlab-Light.ttf */,
				F510EA302161E8E10072A0AA /* RobotoSlab-Regular.ttf */,
			);
			path = "roboto-slab";
			sourceTree = "<group>";
		};
		F52C70EA2161F973006805AE /* Fonts */ = {
			isa = PBXGroup;
			children = (
				F52C70E62161F63A006805AE /* CustomFont.swift */,
				F52C70E12161EFE0006805AE /* RobotoSlab.swift */,
				F52C70E32161F3CC006805AE /* Roboto.swift */,
				F52C70E82161F92D006805AE /* Lato.swift */,
			);
			path = Fonts;
			sourceTree = "<group>";
		};
		F5357486216355690045D969 /* Utilities */ = {
			isa = PBXGroup;
			children = (
				F5357487216355900045D969 /* TabBarDelegate.swift */,
				F5E456682164D7FB00408432 /* HomeViewCellType.swift */,
				F5E4566A2164D81B00408432 /* HomeViewDataState.swift */,
			);
			path = Utilities;
			sourceTree = "<group>";
		};
		F545A494215A45FA0050C4F0 = {
			isa = PBXGroup;
			children = (
				F545A49F215A45FA0050C4F0 /* DailyAvaz */,
				F545A49E215A45FA0050C4F0 /* Products */,
				D1B9EC42396D53DA09B53495 /* Pods */,
				92F38C77003D21CED59BCC18 /* Frameworks */,
			);
			sourceTree = "<group>";
		};
		F545A49E215A45FA0050C4F0 /* Products */ = {
			isa = PBXGroup;
			children = (
				F545A49D215A45FA0050C4F0 /* DailyAvaz.app */,
			);
			name = Products;
			sourceTree = "<group>";
		};
		F545A49F215A45FA0050C4F0 /* DailyAvaz */ = {
			isa = PBXGroup;
			children = (
				F545A4B2215A4E090050C4F0 /* App */,
				F5F3BD48215A53BF0073AC73 /* Common */,
				F545A4AC215A45FD0050C4F0 /* Info.plist */,
				F545A4A7215A45FD0050C4F0 /* Assets.xcassets */,
			);
			path = DailyAvaz;
			sourceTree = "<group>";
		};
		F545A4B2215A4E090050C4F0 /* App */ = {
			isa = PBXGroup;
			children = (
				F545A4A0215A45FA0050C4F0 /* AppDelegate.swift */,
				F5FCEE75215B856E00079A09 /* AppCoordinator.swift */,
				F5FCEE70215B84B000079A09 /* Home */,
				F5E456702166022E00408432 /* Single */,
			);
			path = App;
			sourceTree = "<group>";
		};
		F5C325C3216CA04D00138571 /* UI */ = {
			isa = PBXGroup;
			children = (
				F535748421633CC70045D969 /* LoaderTableViewCell.swift */,
			);
			path = UI;
			sourceTree = "<group>";
		};
		F5E456702166022E00408432 /* Single */ = {
			isa = PBXGroup;
			children = (
				F506710C21663DB200DF8C67 /* Utilities */,
				F5E456732166031400408432 /* Coordinator */,
				F5E456742166032500408432 /* View */,
				F5E456792166038600408432 /* ViewModel */,
			);
			path = Single;
			sourceTree = "<group>";
		};
		F5E456732166031400408432 /* Coordinator */ = {
			isa = PBXGroup;
			children = (
				F5E456712166023E00408432 /* SingleCoordinator.swift */,
				F5E4567E216611B900408432 /* SingleCoordinatorDelegate.swift */,
			);
			path = Coordinator;
			sourceTree = "<group>";
		};
		F5E456742166032500408432 /* View */ = {
			isa = PBXGroup;
			children = (
				F5E456752166034600408432 /* SingleViewController.swift */,
				F5E456772166035900408432 /* SingleView.swift */,
				F506710A21662C0000DF8C67 /* SingleCoverImageTableViewCell.swift */,
				F5FF87CB21675FB500BB4179 /* SingleTitlesTableViewCell.swift */,
				F5FF87CD2167633200BB4179 /* SeparatorView.swift */,
				F5FF87CF21676B0000BB4179 /* SingleDetailsTableViewCell.swift */,
				F5FF87D121678B0800BB4179 /* SingleTextTableViewCell.swift */,
			);
			path = View;
			sourceTree = "<group>";
		};
		F5E456792166038600408432 /* ViewModel */ = {
			isa = PBXGroup;
			children = (
				F5E4567C216603B700408432 /* SingleViewModelImpl.swift */,
				F5E4567A2166039800408432 /* SingleViewModel.swift */,
			);
			path = ViewModel;
			sourceTree = "<group>";
		};
		F5F3BD48215A53BF0073AC73 /* Common */ = {
			isa = PBXGroup;
			children = (
				F5C325C3216CA04D00138571 /* UI */,
				F510E9DA2161E77D0072A0AA /* Fonts */,
				F5FCEE84215BAA2F00079A09 /* Extensions */,
				F5FCEE6D215B7E0800079A09 /* Utilities */,
				F5F3BD4C215A54550073AC73 /* Models */,
				F5F3BD49215A53CD0073AC73 /* Network */,
			);
			path = Common;
			sourceTree = "<group>";
		};
		F5F3BD49215A53CD0073AC73 /* Network */ = {
			isa = PBXGroup;
			children = (
				F5F3BD4A215A53F20073AC73 /* APIManager.swift */,
			);
			path = Network;
			sourceTree = "<group>";
		};
		F5F3BD4C215A54550073AC73 /* Models */ = {
			isa = PBXGroup;
			children = (
				F5F3BD4D215A54F90073AC73 /* ApiNews.swift */,
				F5E4566C2164EB1B00408432 /* Article.swift */,
			);
			path = Models;
			sourceTree = "<group>";
		};
		F5FCEE6D215B7E0800079A09 /* Utilities */ = {
			isa = PBXGroup;
			children = (
				F5FCEE6E215B7F5D00079A09 /* Categories.swift */,
				F5FCEE71215B854E00079A09 /* Coordinator.swift */,
				F5FCEE72215B854E00079A09 /* CoordinatorDelegate.swift */,
				F5C3EAB8216362AE00DB6B3F /* DateConverter.swift */,
				F52C70EA2161F973006805AE /* Fonts */,
			);
			path = Utilities;
			sourceTree = "<group>";
		};
		F5FCEE70215B84B000079A09 /* Home */ = {
			isa = PBXGroup;
			children = (
				F5357486216355690045D969 /* Utilities */,
				F5FCEE78215B85C600079A09 /* Coordinator */,
				F5FCEE77215B85A900079A09 /* View */,
				F5FCEE79215B85D000079A09 /* ViewModel */,
			);
			path = Home;
			sourceTree = "<group>";
		};
		F5FCEE77215B85A900079A09 /* View */ = {
			isa = PBXGroup;
			children = (
				F5FCEE7C215B86D000079A09 /* HomeViewController.swift */,
				F5FCEE82215BAA1B00079A09 /* HomeView.swift */,
				F5FCEE8B215CA83300079A09 /* BarButton.swift */,
				F5C3EABA2163826300DB6B3F /* TabBarTableViewCell.swift */,
				F5FCEE8D215CD59400079A09 /* NewsTableViewCell.swift */,
			);
			path = View;
			sourceTree = "<group>";
		};
		F5FCEE78215B85C600079A09 /* Coordinator */ = {
			isa = PBXGroup;
			children = (
				F5FCEE7A215B85EE00079A09 /* HomeCoordinator.swift */,
				F5E4566E2165ED3300408432 /* HomeCoordinatorDelegate.swift */,
			);
			path = Coordinator;
			sourceTree = "<group>";
		};
		F5FCEE79215B85D000079A09 /* ViewModel */ = {
			isa = PBXGroup;
			children = (
				F5FCEE7E215B874200079A09 /* HomeViewModelImpl.swift */,
				F5FCEE80215B878500079A09 /* HomeViewModel.swift */,
			);
			path = ViewModel;
			sourceTree = "<group>";
		};
		F5FCEE84215BAA2F00079A09 /* Extensions */ = {
			isa = PBXGroup;
			children = (
				F5FCEE85215BAA4C00079A09 /* UIView-DailyAvaz.swift */,
				F5FCEE89215CA14B00079A09 /* UIColor-DailyAvaz.swift */,
				F52C70DF2161EDE2006805AE /* UIFont-DailyAvaz.swift */,
				F5FF87D3216790D500BB4179 /* String-DailyAvaz.swift */,
			);
			path = Extensions;
			sourceTree = "<group>";
		};
/* End PBXGroup section */

/* Begin PBXNativeTarget section */
		F545A49C215A45FA0050C4F0 /* DailyAvaz */ = {
			isa = PBXNativeTarget;
			buildConfigurationList = F545A4AF215A45FD0050C4F0 /* Build configuration list for PBXNativeTarget "DailyAvaz" */;
			buildPhases = (
				A94284905D650890272E22B1 /* [CP] Check Pods Manifest.lock */,
				F545A499215A45FA0050C4F0 /* Sources */,
				F545A49A215A45FA0050C4F0 /* Frameworks */,
				F545A49B215A45FA0050C4F0 /* Resources */,
				64E0710D2CBD987D02F868EA /* [CP] Embed Pods Frameworks */,
				F53574832162347E0045D969 /* ShellScript */,
			);
			buildRules = (
			);
			dependencies = (
			);
			name = DailyAvaz;
			productName = DailyAvaz;
			productReference = F545A49D215A45FA0050C4F0 /* DailyAvaz.app */;
			productType = "com.apple.product-type.application";
		};
/* End PBXNativeTarget section */

/* Begin PBXProject section */
		F545A495215A45FA0050C4F0 /* Project object */ = {
			isa = PBXProject;
			attributes = {
				LastSwiftUpdateCheck = 1000;
				LastUpgradeCheck = 1000;
				ORGANIZATIONNAME = "Matej Korman";
				TargetAttributes = {
					F545A49C215A45FA0050C4F0 = {
						CreatedOnToolsVersion = 10.0;
					};
				};
			};
			buildConfigurationList = F545A498215A45FA0050C4F0 /* Build configuration list for PBXProject "DailyAvaz" */;
			compatibilityVersion = "Xcode 9.3";
			developmentRegion = en;
			hasScannedForEncodings = 0;
			knownRegions = (
				en,
				Base,
			);
			mainGroup = F545A494215A45FA0050C4F0;
			productRefGroup = F545A49E215A45FA0050C4F0 /* Products */;
			projectDirPath = "";
			projectRoot = "";
			targets = (
				F545A49C215A45FA0050C4F0 /* DailyAvaz */,
			);
		};
/* End PBXProject section */

/* Begin PBXResourcesBuildPhase section */
		F545A49B215A45FA0050C4F0 /* Resources */ = {
			isa = PBXResourcesBuildPhase;
			buildActionMask = 2147483647;
			files = (
				F510EA242161E7990072A0AA /* Roboto-BoldItalic.ttf in Resources */,
				F510EA262161E7990072A0AA /* Roboto-Italic.ttf in Resources */,
				F510EA112161E7990072A0AA /* OFL.txt in Resources */,
				F510EA252161E7990072A0AA /* Roboto-LightItalic.ttf in Resources */,
				F510EA272161E7990072A0AA /* Roboto-BlackItalic.ttf in Resources */,
				F510EA172161E7990072A0AA /* Lato-ThinItalic.ttf in Resources */,
				F510EA152161E7990072A0AA /* Lato-Light.ttf in Resources */,
				F510EA232161E7990072A0AA /* RobotoCondensed-Regular.ttf in Resources */,
				F510EA192161E7990072A0AA /* Roboto-Light.ttf in Resources */,
				F510EA132161E7990072A0AA /* README.txt in Resources */,
				F510EA092161E7990072A0AA /* Lato-Black.ttf in Resources */,
				F510EA292161E7990072A0AA /* Roboto-Thin.ttf in Resources */,
				F510EA142161E7990072A0AA /* Lato-BoldItalic.ttf in Resources */,
				F510EA1D2161E7990072A0AA /* Roboto-MediumItalic.ttf in Resources */,
				F510EA162161E7990072A0AA /* Lato-Medium.ttf in Resources */,
				F510EA342161E8E10072A0AA /* RobotoSlab-Light.ttf in Resources */,
				F510EA042161E7990072A0AA /* Lato-HeavyItalic.ttf in Resources */,
				F510EA182161E7990072A0AA /* Roboto-Medium.ttf in Resources */,
				F510EA1C2161E7990072A0AA /* Roboto-Regular.ttf in Resources */,
				F510EA0D2161E7990072A0AA /* Lato-Hairline.ttf in Resources */,
				F510EA352161E8E10072A0AA /* RobotoSlab-Regular.ttf in Resources */,
				F510EA122161E7990072A0AA /* Lato-Heavy.ttf in Resources */,
				F510EA312161E8E10072A0AA /* RobotoSlab-Thin.ttf in Resources */,
				F510EA282161E7990072A0AA /* Roboto-Bold.ttf in Resources */,
				F510EA082161E7990072A0AA /* Lato-Bold.ttf in Resources */,
				F510EA052161E7990072A0AA /* Lato-Italic.ttf in Resources */,
				F510EA1F2161E7990072A0AA /* RobotoCondensed-BoldItalic.ttf in Resources */,
				F510EA1B2161E7990072A0AA /* RobotoCondensed-Light.ttf in Resources */,
				F510EA212161E7990072A0AA /* RobotoCondensed-LightItalic.ttf in Resources */,
				F510EA2A2161E7990072A0AA /* Roboto-Black.ttf in Resources */,
				F510EA1E2161E7990072A0AA /* RobotoCondensed-Italic.ttf in Resources */,
				F510EA072161E7990072A0AA /* Lato-Thin.ttf in Resources */,
				F510EA0B2161E7990072A0AA /* Lato-HairlineItalic.ttf in Resources */,
				F510EA0A2161E7990072A0AA /* Lato-SemiboldItalic.ttf in Resources */,
				F510EA0F2161E7990072A0AA /* Lato-Semibold.ttf in Resources */,
				F510EA1A2161E7990072A0AA /* RobotoCondensed-Bold.ttf in Resources */,
				F510EA0E2161E7990072A0AA /* Lato-BlackItalic.ttf in Resources */,
				F510EA0C2161E7990072A0AA /* Lato-Regular.ttf in Resources */,
				F510EA222161E7990072A0AA /* Roboto-ThinItalic.ttf in Resources */,
				F510EA332161E8E10072A0AA /* RobotoSlab-Bold.ttf in Resources */,
				F510EA102161E7990072A0AA /* Lato-MediumItalic.ttf in Resources */,
				F545A4A8215A45FD0050C4F0 /* Assets.xcassets in Resources */,
				F510EA062161E7990072A0AA /* Lato-LightItalic.ttf in Resources */,
			);
			runOnlyForDeploymentPostprocessing = 0;
		};
/* End PBXResourcesBuildPhase section */

/* Begin PBXShellScriptBuildPhase section */
		64E0710D2CBD987D02F868EA /* [CP] Embed Pods Frameworks */ = {
			isa = PBXShellScriptBuildPhase;
			buildActionMask = 2147483647;
			files = (
			);
			inputPaths = (
				"${SRCROOT}/Pods/Target Support Files/Pods-DailyAvaz/Pods-DailyAvaz-frameworks.sh",
				"${BUILT_PRODUCTS_DIR}/Alamofire/Alamofire.framework",
				"${BUILT_PRODUCTS_DIR}/Kingfisher/Kingfisher.framework",
				"${BUILT_PRODUCTS_DIR}/RxCocoa/RxCocoa.framework",
				"${BUILT_PRODUCTS_DIR}/RxSwift/RxSwift.framework",
				"${BUILT_PRODUCTS_DIR}/SnapKit/SnapKit.framework",
			);
			name = "[CP] Embed Pods Frameworks";
			outputPaths = (
				"${TARGET_BUILD_DIR}/${FRAMEWORKS_FOLDER_PATH}/Alamofire.framework",
				"${TARGET_BUILD_DIR}/${FRAMEWORKS_FOLDER_PATH}/Kingfisher.framework",
				"${TARGET_BUILD_DIR}/${FRAMEWORKS_FOLDER_PATH}/RxCocoa.framework",
				"${TARGET_BUILD_DIR}/${FRAMEWORKS_FOLDER_PATH}/RxSwift.framework",
				"${TARGET_BUILD_DIR}/${FRAMEWORKS_FOLDER_PATH}/SnapKit.framework",
			);
			runOnlyForDeploymentPostprocessing = 0;
			shellPath = /bin/sh;
			shellScript = "\"${SRCROOT}/Pods/Target Support Files/Pods-DailyAvaz/Pods-DailyAvaz-frameworks.sh\"\n";
			showEnvVarsInLog = 0;
		};
		A94284905D650890272E22B1 /* [CP] Check Pods Manifest.lock */ = {
			isa = PBXShellScriptBuildPhase;
			buildActionMask = 2147483647;
			files = (
			);
			inputPaths = (
				"${PODS_PODFILE_DIR_PATH}/Podfile.lock",
				"${PODS_ROOT}/Manifest.lock",
			);
			name = "[CP] Check Pods Manifest.lock";
			outputPaths = (
				"$(DERIVED_FILE_DIR)/Pods-DailyAvaz-checkManifestLockResult.txt",
			);
			runOnlyForDeploymentPostprocessing = 0;
			shellPath = /bin/sh;
			shellScript = "diff \"${PODS_PODFILE_DIR_PATH}/Podfile.lock\" \"${PODS_ROOT}/Manifest.lock\" > /dev/null\nif [ $? != 0 ] ; then\n    # print error to STDERR\n    echo \"error: The sandbox is not in sync with the Podfile.lock. Run 'pod install' or update your CocoaPods installation.\" >&2\n    exit 1\nfi\n# This output is used by Xcode 'outputs' to avoid re-running this script phase.\necho \"SUCCESS\" > \"${SCRIPT_OUTPUT_FILE_0}\"\n";
			showEnvVarsInLog = 0;
		};
		F53574832162347E0045D969 /* ShellScript */ = {
			isa = PBXShellScriptBuildPhase;
			buildActionMask = 2147483647;
			files = (
			);
			inputFileListPaths = (
			);
			inputPaths = (
			);
			outputFileListPaths = (
			);
			outputPaths = (
			);
			runOnlyForDeploymentPostprocessing = 0;
			shellPath = /bin/sh;
			shellScript = "\"${PODS_ROOT}/SwiftLint/swiftlint\"\n";
		};
/* End PBXShellScriptBuildPhase section */

/* Begin PBXSourcesBuildPhase section */
		F545A499215A45FA0050C4F0 /* Sources */ = {
			isa = PBXSourcesBuildPhase;
			buildActionMask = 2147483647;
			files = (
				F5FF87CE2167633200BB4179 /* SeparatorView.swift in Sources */,
				F5E4566D2164EB1B00408432 /* Article.swift in Sources */,
				F52C70E72161F63A006805AE /* CustomFont.swift in Sources */,
				F52C70E42161F3CC006805AE /* Roboto.swift in Sources */,
				F5F3BD4B215A53F20073AC73 /* APIManager.swift in Sources */,
				F5FCEE81215B878500079A09 /* HomeViewModel.swift in Sources */,
				F5E4567B2166039800408432 /* SingleViewModel.swift in Sources */,
				F52C70E22161EFE0006805AE /* RobotoSlab.swift in Sources */,
				F5E456762166034600408432 /* SingleViewController.swift in Sources */,
				F5FCEE7B215B85EE00079A09 /* HomeCoordinator.swift in Sources */,
				F5E456782166035900408432 /* SingleView.swift in Sources */,
				F506710E21663DD300DF8C67 /* SingleViewCellType.swift in Sources */,
				F52C70E02161EDE2006805AE /* UIFont-DailyAvaz.swift in Sources */,
				F5FF87CC21675FB500BB4179 /* SingleTitlesTableViewCell.swift in Sources */,
				F5FF87D221678B0800BB4179 /* SingleTextTableViewCell.swift in Sources */,
				F5E4566F2165ED3300408432 /* HomeCoordinatorDelegate.swift in Sources */,
				F5E4566B2164D81B00408432 /* HomeViewDataState.swift in Sources */,
				F5FCEE8A215CA14B00079A09 /* UIColor-DailyAvaz.swift in Sources */,
				F5E4567D216603B700408432 /* SingleViewModelImpl.swift in Sources */,
				F5FCEE74215B854F00079A09 /* CoordinatorDelegate.swift in Sources */,
				F5E4567F216611B900408432 /* SingleCoordinatorDelegate.swift in Sources */,
				F5FCEE7F215B874200079A09 /* HomeViewModelImpl.swift in Sources */,
				F5FCEE73215B854F00079A09 /* Coordinator.swift in Sources */,
				F5FCEE86215BAA4C00079A09 /* UIView-DailyAvaz.swift in Sources */,
				F5FCEE7D215B86D000079A09 /* HomeViewController.swift in Sources */,
				F506710B21662C0000DF8C67 /* SingleCoverImageTableViewCell.swift in Sources */,
				F5C3EAB9216362AE00DB6B3F /* DateConverter.swift in Sources */,
				F5C3EABB2163826300DB6B3F /* TabBarTableViewCell.swift in Sources */,
				F5FCEE76215B856E00079A09 /* AppCoordinator.swift in Sources */,
				F5FF87D021676B0000BB4179 /* SingleDetailsTableViewCell.swift in Sources */,
				F535748521633CC70045D969 /* LoaderTableViewCell.swift in Sources */,
				F52C70E92161F92D006805AE /* Lato.swift in Sources */,
				F5FCEE8C215CA83300079A09 /* BarButton.swift in Sources */,
				F5FCEE6F215B7F5D00079A09 /* Categories.swift in Sources */,
				F5FCEE83215BAA1B00079A09 /* HomeView.swift in Sources */,
				F5E456692164D7FB00408432 /* HomeViewCellType.swift in Sources */,
				F5E456722166023E00408432 /* SingleCoordinator.swift in Sources */,
				F5FCEE8E215CD59400079A09 /* NewsTableViewCell.swift in Sources */,
				F5FF87D4216790D500BB4179 /* String-DailyAvaz.swift in Sources */,
				F5F3BD4E215A54F90073AC73 /* ApiNews.swift in Sources */,
				F5357488216355900045D969 /* TabBarDelegate.swift in Sources */,
				F545A4A1215A45FA0050C4F0 /* AppDelegate.swift in Sources */,
			);
			runOnlyForDeploymentPostprocessing = 0;
		};
/* End PBXSourcesBuildPhase section */

/* Begin XCBuildConfiguration section */
		F545A4AD215A45FD0050C4F0 /* Debug */ = {
			isa = XCBuildConfiguration;
			buildSettings = {
				ALWAYS_SEARCH_USER_PATHS = NO;
				CLANG_ANALYZER_NONNULL = YES;
				CLANG_ANALYZER_NUMBER_OBJECT_CONVERSION = YES_AGGRESSIVE;
				CLANG_CXX_LANGUAGE_STANDARD = "gnu++14";
				CLANG_CXX_LIBRARY = "libc++";
				CLANG_ENABLE_MODULES = YES;
				CLANG_ENABLE_OBJC_ARC = YES;
				CLANG_ENABLE_OBJC_WEAK = YES;
				CLANG_WARN_BLOCK_CAPTURE_AUTORELEASING = YES;
				CLANG_WARN_BOOL_CONVERSION = YES;
				CLANG_WARN_COMMA = YES;
				CLANG_WARN_CONSTANT_CONVERSION = YES;
				CLANG_WARN_DEPRECATED_OBJC_IMPLEMENTATIONS = YES;
				CLANG_WARN_DIRECT_OBJC_ISA_USAGE = YES_ERROR;
				CLANG_WARN_DOCUMENTATION_COMMENTS = YES;
				CLANG_WARN_EMPTY_BODY = YES;
				CLANG_WARN_ENUM_CONVERSION = YES;
				CLANG_WARN_INFINITE_RECURSION = YES;
				CLANG_WARN_INT_CONVERSION = YES;
				CLANG_WARN_NON_LITERAL_NULL_CONVERSION = YES;
				CLANG_WARN_OBJC_IMPLICIT_RETAIN_SELF = YES;
				CLANG_WARN_OBJC_LITERAL_CONVERSION = YES;
				CLANG_WARN_OBJC_ROOT_CLASS = YES_ERROR;
				CLANG_WARN_RANGE_LOOP_ANALYSIS = YES;
				CLANG_WARN_STRICT_PROTOTYPES = YES;
				CLANG_WARN_SUSPICIOUS_MOVE = YES;
				CLANG_WARN_UNGUARDED_AVAILABILITY = YES_AGGRESSIVE;
				CLANG_WARN_UNREACHABLE_CODE = YES;
				CLANG_WARN__DUPLICATE_METHOD_MATCH = YES;
				CODE_SIGN_IDENTITY = "iPhone Developer";
				COPY_PHASE_STRIP = NO;
				DEBUG_INFORMATION_FORMAT = dwarf;
				ENABLE_STRICT_OBJC_MSGSEND = YES;
				ENABLE_TESTABILITY = YES;
				GCC_C_LANGUAGE_STANDARD = gnu11;
				GCC_DYNAMIC_NO_PIC = NO;
				GCC_NO_COMMON_BLOCKS = YES;
				GCC_OPTIMIZATION_LEVEL = 0;
				GCC_PREPROCESSOR_DEFINITIONS = (
					"DEBUG=1",
					"$(inherited)",
				);
				GCC_WARN_64_TO_32_BIT_CONVERSION = YES;
				GCC_WARN_ABOUT_RETURN_TYPE = YES_ERROR;
				GCC_WARN_UNDECLARED_SELECTOR = YES;
				GCC_WARN_UNINITIALIZED_AUTOS = YES_AGGRESSIVE;
				GCC_WARN_UNUSED_FUNCTION = YES;
				GCC_WARN_UNUSED_VARIABLE = YES;
				IPHONEOS_DEPLOYMENT_TARGET = 12.0;
				MTL_ENABLE_DEBUG_INFO = INCLUDE_SOURCE;
				MTL_FAST_MATH = YES;
				ONLY_ACTIVE_ARCH = YES;
				SDKROOT = iphoneos;
				SWIFT_ACTIVE_COMPILATION_CONDITIONS = DEBUG;
				SWIFT_OPTIMIZATION_LEVEL = "-Onone";
			};
			name = Debug;
		};
		F545A4AE215A45FD0050C4F0 /* Release */ = {
			isa = XCBuildConfiguration;
			buildSettings = {
				ALWAYS_SEARCH_USER_PATHS = NO;
				CLANG_ANALYZER_NONNULL = YES;
				CLANG_ANALYZER_NUMBER_OBJECT_CONVERSION = YES_AGGRESSIVE;
				CLANG_CXX_LANGUAGE_STANDARD = "gnu++14";
				CLANG_CXX_LIBRARY = "libc++";
				CLANG_ENABLE_MODULES = YES;
				CLANG_ENABLE_OBJC_ARC = YES;
				CLANG_ENABLE_OBJC_WEAK = YES;
				CLANG_WARN_BLOCK_CAPTURE_AUTORELEASING = YES;
				CLANG_WARN_BOOL_CONVERSION = YES;
				CLANG_WARN_COMMA = YES;
				CLANG_WARN_CONSTANT_CONVERSION = YES;
				CLANG_WARN_DEPRECATED_OBJC_IMPLEMENTATIONS = YES;
				CLANG_WARN_DIRECT_OBJC_ISA_USAGE = YES_ERROR;
				CLANG_WARN_DOCUMENTATION_COMMENTS = YES;
				CLANG_WARN_EMPTY_BODY = YES;
				CLANG_WARN_ENUM_CONVERSION = YES;
				CLANG_WARN_INFINITE_RECURSION = YES;
				CLANG_WARN_INT_CONVERSION = YES;
				CLANG_WARN_NON_LITERAL_NULL_CONVERSION = YES;
				CLANG_WARN_OBJC_IMPLICIT_RETAIN_SELF = YES;
				CLANG_WARN_OBJC_LITERAL_CONVERSION = YES;
				CLANG_WARN_OBJC_ROOT_CLASS = YES_ERROR;
				CLANG_WARN_RANGE_LOOP_ANALYSIS = YES;
				CLANG_WARN_STRICT_PROTOTYPES = YES;
				CLANG_WARN_SUSPICIOUS_MOVE = YES;
				CLANG_WARN_UNGUARDED_AVAILABILITY = YES_AGGRESSIVE;
				CLANG_WARN_UNREACHABLE_CODE = YES;
				CLANG_WARN__DUPLICATE_METHOD_MATCH = YES;
				CODE_SIGN_IDENTITY = "iPhone Developer";
				COPY_PHASE_STRIP = NO;
				DEBUG_INFORMATION_FORMAT = "dwarf-with-dsym";
				ENABLE_NS_ASSERTIONS = NO;
				ENABLE_STRICT_OBJC_MSGSEND = YES;
				GCC_C_LANGUAGE_STANDARD = gnu11;
				GCC_NO_COMMON_BLOCKS = YES;
				GCC_WARN_64_TO_32_BIT_CONVERSION = YES;
				GCC_WARN_ABOUT_RETURN_TYPE = YES_ERROR;
				GCC_WARN_UNDECLARED_SELECTOR = YES;
				GCC_WARN_UNINITIALIZED_AUTOS = YES_AGGRESSIVE;
				GCC_WARN_UNUSED_FUNCTION = YES;
				GCC_WARN_UNUSED_VARIABLE = YES;
				IPHONEOS_DEPLOYMENT_TARGET = 12.0;
				MTL_ENABLE_DEBUG_INFO = NO;
				MTL_FAST_MATH = YES;
				SDKROOT = iphoneos;
				SWIFT_COMPILATION_MODE = wholemodule;
				SWIFT_OPTIMIZATION_LEVEL = "-O";
				VALIDATE_PRODUCT = YES;
			};
			name = Release;
		};
		F545A4B0215A45FD0050C4F0 /* Debug */ = {
			isa = XCBuildConfiguration;
			baseConfigurationReference = C5E570894E78CD706DDAA398 /* Pods-DailyAvaz.debug.xcconfig */;
			buildSettings = {
				ASSETCATALOG_COMPILER_APPICON_NAME = AppIcon;
				CODE_SIGN_STYLE = Automatic;
				DEVELOPMENT_TEAM = NV38R3X63U;
				INFOPLIST_FILE = DailyAvaz/Info.plist;
				LD_RUNPATH_SEARCH_PATHS = (
					"$(inherited)",
					"@executable_path/Frameworks",
				);
				PRODUCT_BUNDLE_IDENTIFIER = com.matejkorman.DailyAvaz;
				PRODUCT_NAME = "$(TARGET_NAME)";
				SWIFT_VERSION = 4.2;
				TARGETED_DEVICE_FAMILY = "1,2";
			};
			name = Debug;
		};
		F545A4B1215A45FD0050C4F0 /* Release */ = {
			isa = XCBuildConfiguration;
			baseConfigurationReference = 4817E31DEE0102DBFDA7481A /* Pods-DailyAvaz.release.xcconfig */;
			buildSettings = {
				ASSETCATALOG_COMPILER_APPICON_NAME = AppIcon;
				CODE_SIGN_STYLE = Automatic;
				DEVELOPMENT_TEAM = NV38R3X63U;
				INFOPLIST_FILE = DailyAvaz/Info.plist;
				LD_RUNPATH_SEARCH_PATHS = (
					"$(inherited)",
					"@executable_path/Frameworks",
				);
				PRODUCT_BUNDLE_IDENTIFIER = com.matejkorman.DailyAvaz;
				PRODUCT_NAME = "$(TARGET_NAME)";
				SWIFT_VERSION = 4.2;
				TARGETED_DEVICE_FAMILY = "1,2";
			};
			name = Release;
		};
/* End XCBuildConfiguration section */

/* Begin XCConfigurationList section */
		F545A498215A45FA0050C4F0 /* Build configuration list for PBXProject "DailyAvaz" */ = {
			isa = XCConfigurationList;
			buildConfigurations = (
				F545A4AD215A45FD0050C4F0 /* Debug */,
				F545A4AE215A45FD0050C4F0 /* Release */,
			);
			defaultConfigurationIsVisible = 0;
			defaultConfigurationName = Release;
		};
		F545A4AF215A45FD0050C4F0 /* Build configuration list for PBXNativeTarget "DailyAvaz" */ = {
			isa = XCConfigurationList;
			buildConfigurations = (
				F545A4B0215A45FD0050C4F0 /* Debug */,
				F545A4B1215A45FD0050C4F0 /* Release */,
			);
			defaultConfigurationIsVisible = 0;
			defaultConfigurationName = Release;
		};
/* End XCConfigurationList section */
	};
	rootObject = F545A495215A45FA0050C4F0 /* Project object */;
}
